#MicroXplorer Configuration settings - do not modify
Mcu.Family=STM32G0
VP_RTC_VS_RTC_Activate.Signal=RTC_VS_RTC_Activate
VP_SYS_VS_PINREMAP.Mode=PINREMAP
ProjectManager.MainLocation=Src
PA10\ [PA12].Locked=true
RCC.USART1Freq_Value=2000000
RCC.PLLQoutputFreq_Value=64000000
ProjectManager.ProjectFileName=YY-2004-CLion_new.ioc
USART2.IPParameters=VirtualMode-Asynchronous
PA10\ [PA12].Signal=USART1_RX
RCC.CortexFreq_Value=2000000
ADC1.Sequencer=NOT_FULLY_CONFIGURABLE
ProjectManager.KeepUserCode=true
Mcu.UserName=STM32G031F6Px
Mcu.PinsNb=21
ADC1.Overrun=ADC_OVR_DATA_PRESERVED
ProjectManager.NoMain=false
ADC1.IPParameters=NbrOfConversionFlag,master,Overrun,Sequencer,NbrOfConversion,DiscontinuousConvMode
VP_SYS_VS_PINREMAP_10_12.Signal=SYS_VS_PINREMAP_10_12
NVIC.PVD_IRQn=true\:0\:0\:false\:false\:true\:true\:true
PA0.PinState=GPIO_PIN_SET
PA14-BOOT0.Mode=Serial_Wire
ProjectManager.functionlistsort=1-MX_GPIO_Init-GPIO-false-HAL-true,2-SystemClock_Config-RCC-false-HAL-false,3-MX_ADC1_Init-ADC1-false-HAL-true,4-MX_RTC_Init-RTC-false-HAL-true,5-MX_USART1_UART_Init-USART1-false-HAL-true,6-MX_USART2_UART_Init-USART2-false-HAL-true
ADC1.DiscontinuousConvMode=ENABLE
VP_RTC_VS_RTC_Activate.Mode=RTC_Enabled
PA3.GPIOParameters=PinState
RCC.EXTERNAL_CLOCK_VALUE=12288000
ProjectManager.DefaultFWLocation=true
VP_RTC_VS_RTC_Calendar.Signal=RTC_VS_RTC_Calendar
NVIC.SVC_IRQn=true\:0\:0\:false\:false\:true\:false\:false
ProjectManager.DeletePrevious=true
VP_SYS_VS_PINREMAP.Signal=SYS_VS_PINREMAP
USART1.IPParameters=VirtualMode-Asynchronous
PA2.GPIOParameters=PinState
NVIC.USART2_IRQn=true\:0\:0\:false\:false\:true\:true\:true
PinOutPanel.RotationAngle=0
RCC.FamilyName=M
RCC.MCO1PinFreq_Value=16000000
ProjectManager.StackSize=0x400
RTC.WakeUpClock-WakeUp=RTC_WAKEUPCLOCK_CK_SPRE_16BITS
RCC.LPTIM1Freq_Value=2000000
USART1.VirtualMode-Asynchronous=VM_ASYNC
PA3.Mode=Asynchronous
PA13.Signal=SYS_SWDIO
Mcu.IP4=SYS
RCC.FCLKCortexFreq_Value=2000000
Mcu.IP5=USART1
Mcu.IP2=RCC
Mcu.IP3=RTC
Mcu.IP0=ADC1
Mcu.IP1=NVIC
SH.SharedAnalog_PA7.1=ADC1_IN7,IN7
Mcu.UserConstants=
ProjectManager.TargetToolchain=SW4STM32
PB0.PinState=GPIO_PIN_SET
Mcu.ThirdPartyNb=0
SH.SharedAnalog_PA7.0=GPIO_Analog
PB7.GPIOParameters=PinState
RCC.HCLKFreq_Value=2000000
Mcu.IPNb=7
ProjectManager.PreviousToolchain=SW4STM32
VP_RTC_VS_RTC_WakeUp_intern.Signal=RTC_VS_RTC_WakeUp_intern
RCC.I2S1Freq_Value=16000000
SH.SharedAnalog_PA5.ConfNb=2
RTC.IPParameters=WakeUpClock-WakeUp,WakeUpCounter-WakeUp
Mcu.Pin6=PA5
Mcu.Pin7=PA6
Mcu.Pin8=PA7
Mcu.Pin9=PB0
PA1.Signal=GPIO_Output
RCC.AHBFreq_Value=2000000
Mcu.Pin0=PB7
Mcu.Pin1=PA0
PA14-BOOT0.Signal=SYS_SWCLK
GPIO.groupedBy=Group By Peripherals
Mcu.Pin2=PA1
Mcu.Pin3=PA2
Mcu.Pin4=PA3
Mcu.Pin5=PA4
PA5.Signal=SharedAnalog_PA5
ProjectManager.ProjectBuild=false
RCC.HSE_VALUE=8000000
PA0.Locked=true
board=custom
PA4.Locked=true
USART2.VirtualMode-Asynchronous=VM_ASYNC
RCC.VCOOutputFreq_Value=128000000
NVIC.SysTick_IRQn=true\:0\:0\:false\:false\:true\:false\:true
ProjectManager.LastFirmware=true
ProjectManager.FirmwarePackage=STM32Cube FW_G0 V1.3.0
MxDb.Version=DB.5.0.60
PA2.PinState=GPIO_PIN_SET
PB0.GPIOParameters=PinState
ProjectManager.BackupPrevious=false
MxCube.Version=5.6.1
RCC.VCOInputFreq_Value=16000000
RCC.I2C1Freq_Value=2000000
File.Version=6
VP_SYS_VS_Systick.Mode=SysTick
SH.SharedAnalog_PA6.0=GPIO_Analog
SH.SharedAnalog_PA6.1=ADC1_IN6,IN6
PB7.Signal=GPIO_Output
NVIC.NonMaskableInt_IRQn=true\:0\:0\:false\:false\:true\:false\:false
RCC.PLLRCLKFreq_Value=64000000
RCC.AHBCLKDivider=RCC_SYSCLK_DIV8
PA9\ [PA11].Signal=USART1_TX
SH.SharedAnalog_PA6.ConfNb=2
NVIC.PendSV_IRQn=true\:0\:0\:false\:false\:true\:false\:false
ADC1.NbrOfConversion=1
PA13.Mode=Serial_Wire
ProjectManager.FreePins=false
RCC.IPParameters=AHBCLKDivider,AHBFreq_Value,APBFreq_Value,APBTimFreq_Value,CortexFreq_Value,EXTERNAL_CLOCK_VALUE,FCLKCortexFreq_Value,FamilyName,HCLKFreq_Value,HSE_VALUE,HSI_VALUE,I2C1Freq_Value,I2S1Freq_Value,LPTIM1Freq_Value,LPTIM2Freq_Value,LPUART1Freq_Value,LSCOPinFreq_Value,LSI_VALUE,MCO1PinFreq_Value,PLLPoutputFreq_Value,PLLQoutputFreq_Value,PLLRCLKFreq_Value,PWRFreq_Value,SYSCLKFreq_VALUE,TIM1Freq_Value,USART1Freq_Value,VCOInputFreq_Value,VCOOutputFreq_Value
ProjectManager.AskForMigrate=true
Mcu.Name=STM32G031F(4-6-8)Px
RCC.LPTIM2Freq_Value=2000000
ProjectManager.HalAssertFull=false
PB0.Locked=true
PA14-BOOT0.Locked=true
PA2.Signal=USART2_TX
ProjectManager.ProjectName=YY-2004-CLion_new
ProjectManager.UnderRoot=true
PA0.Signal=GPIO_Output
PB7.PinState=GPIO_PIN_SET
RCC.TIM1Freq_Value=2000000
Mcu.IP6=USART2
ProjectManager.CoupleFile=false
PB3.Signal=GPIO_Input
PA4.Signal=GPIO_Output
RCC.APBTimFreq_Value=2000000
RCC.SYSCLKFreq_VALUE=16000000
Mcu.Package=TSSOP20
PA6.Signal=SharedAnalog_PA6
PA1.Locked=true
Mcu.Pin20=VP_SYS_VS_Systick
ADC1.master=1
PA5.Locked=true
PA3.Locked=true
PA7.Locked=true
VP_SYS_VS_PINREMAP_10_12.Mode=PINREMAP_10_12
NVIC.ForceEnableDMAVector=true
KeepUserPlacement=false
PA9\ [PA11].Mode=Asynchronous
PA10\ [PA12].Mode=Asynchronous
RCC.APBFreq_Value=2000000
ProjectManager.CompilerOptimize=6
ProjectManager.ToolChainLocation=
RCC.LSI_VALUE=32000
VP_SYS_VS_Systick.Signal=SYS_VS_Systick
RCC.LSCOPinFreq_Value=32000
RTC.WakeUpCounter-WakeUp=20
VP_RTC_VS_RTC_Calendar.Mode=RTC_Calendar
ProjectManager.HeapSize=0x200
PA0.GPIOParameters=PinState
Mcu.Pin15=VP_RTC_VS_RTC_Activate
NVIC.HardFault_IRQn=true\:0\:0\:false\:false\:true\:false\:false
Mcu.Pin16=VP_RTC_VS_RTC_Calendar
Mcu.Pin13=PA14-BOOT0
Mcu.Pin14=PB3
Mcu.Pin19=VP_SYS_VS_PINREMAP_10_12
ProjectManager.ComputerToolchain=false
Mcu.Pin17=VP_RTC_VS_RTC_WakeUp_intern
RCC.HSI_VALUE=16000000
VP_RTC_VS_RTC_WakeUp_intern.Mode=WakeUp
Mcu.Pin18=VP_SYS_VS_PINREMAP
ADC1.NbrOfConversionFlag=0
SH.SharedAnalog_PA5.1=ADC1_IN5,IN5
Mcu.Pin11=PA10 [PA12]
Mcu.Pin12=PA13
RCC.PLLPoutputFreq_Value=64000000
Mcu.Pin10=PA9 [PA11]
SH.SharedAnalog_PA5.0=GPIO_Analog
PB7.Locked=true
PA2.Mode=Asynchronous
PA3.PinState=GPIO_PIN_SET
RCC.PWRFreq_Value=16000000
RCC.LPUART1Freq_Value=2000000
PA9\ [PA11].Locked=true
SH.SharedAnalog_PA7.ConfNb=2
PB0.Signal=GPIO_Output
ProjectManager.CustomerFirmwarePackage=
ProjectManager.DeviceId=STM32G031F6Px
ProjectManager.LibraryCopy=1
PB3.Locked=true
PA3.Signal=USART2_RX
PA7.Signal=SharedAnalog_PA7
PA6.Locked=true
